
Microsoft Visual Studio Solution File, Format Version 12.00
Project("{FAE04EC0-301F-11D3-BF4B-00C04F79EFBC}") = "euler", "euler.csproj", "{C5E3E9EB-5E87-4BDF-81F7-F60521988630}"
EndProject
Global
	GlobalSection(SolutionConfigurationPlatforms) = preSolution
		Debug|Any CPU = Debug|Any CPU
		Release|Any CPU = Release|Any CPU
	EndGlobalSection
	GlobalSection(ProjectConfigurationPlatforms) = postSolution
		{C5E3E9EB-5E87-4BDF-81F7-F60521988630}.Debug|Any CPU.ActiveCfg = Debug|Any CPU
		{C5E3E9EB-5E87-4BDF-81F7-F60521988630}.Debug|Any CPU.Build.0 = Debug|Any CPU
		{C5E3E9EB-5E87-4BDF-81F7-F60521988630}.Release|Any CPU.ActiveCfg = Release|Any CPU
		{C5E3E9EB-5E87-4BDF-81F7-F60521988630}.Release|Any CPU.Build.0 = Release|Any CPU
	EndGlobalSection
EndGlobal
